
Microsoft Visual Studio Solution File, Format Version 12.00
# Visual Studio Version 17
VisualStudioVersion = 17.0.31912.275
MinimumVisualStudioVersion = 10.0.40219.1
Project("{FAE04EC0-301F-11D3-BF4B-00C04F79EFBC}") = "Employe", "Employe.csproj", "{D5FEDA4A-AF10-4FB4-ACEB-0D80F900E205}"
EndProject
Global
	GlobalSection(SolutionConfigurationPlatforms) = preSolution
		Debug|Any CPU = Debug|Any CPU
		Release|Any CPU = Release|Any CPU
	EndGlobalSection
	GlobalSection(ProjectConfigurationPlatforms) = postSolution
		{D5FEDA4A-AF10-4FB4-ACEB-0D80F900E205}.Debug|Any CPU.ActiveCfg = Debug|Any CPU
		{D5FEDA4A-AF10-4FB4-ACEB-0D80F900E205}.Debug|Any CPU.Build.0 = Debug|Any CPU
		{D5FEDA4A-AF10-4FB4-ACEB-0D80F900E205}.Release|Any CPU.ActiveCfg = Release|Any CPU
		{D5FEDA4A-AF10-4FB4-ACEB-0D80F900E205}.Release|Any CPU.Build.0 = Release|Any CPU
	EndGlobalSection
	GlobalSection(SolutionProperties) = preSolution
		HideSolutionNode = FALSE
	EndGlobalSection
	GlobalSection(ExtensibilityGlobals) = postSolution
		SolutionGuid = {9BB61258-137D-4FB1-A9AF-3A5C5F0439F7}
	EndGlobalSection
EndGlobal
